
Microsoft Visual Studio Solution File, Format Version 12.00
# Visual Studio Version 17
VisualStudioVersion = 17.1.32120.378
MinimumVisualStudioVersion = 10.0.40219.1
Project("{FAE04EC0-301F-11D3-BF4B-00C04F79EFBC}") = "AspNetCore Configuration BestPractice", "AspNetCore Configuration BestPractice\AspNetCore Configuration BestPractice.csproj", "{34AC9F79-F872-41D5-95F8-0E01FE8AF6B0}"
EndProject
Global
	GlobalSection(SolutionConfigurationPlatforms) = preSolution
		Debug|Any CPU = Debug|Any CPU
		Release|Any CPU = Release|Any CPU
	EndGlobalSection
	GlobalSection(ProjectConfigurationPlatforms) = postSolution
		{34AC9F79-F872-41D5-95F8-0E01FE8AF6B0}.Debug|Any CPU.ActiveCfg = Debug|Any CPU
		{34AC9F79-F872-41D5-95F8-0E01FE8AF6B0}.Debug|Any CPU.Build.0 = Debug|Any CPU
		{34AC9F79-F872-41D5-95F8-0E01FE8AF6B0}.Release|Any CPU.ActiveCfg = Release|Any CPU
		{34AC9F79-F872-41D5-95F8-0E01FE8AF6B0}.Release|Any CPU.Build.0 = Release|Any CPU
	EndGlobalSection
	GlobalSection(SolutionProperties) = preSolution
		HideSolutionNode = FALSE
	EndGlobalSection
	GlobalSection(ExtensibilityGlobals) = postSolution
		SolutionGuid = {DA0CD661-085A-4AE9-96DE-36CD7275ABA6}
	EndGlobalSection
EndGlobal
